
Microsoft Visual Studio Solution File, Format Version 12.00
# Visual Studio 15
VisualStudioVersion = 15.0.26124.0
MinimumVisualStudioVersion = 15.0.26124.0
Project("{FAE04EC0-301F-11D3-BF4B-00C04F79EFBC}") = "Odie.Commons", "Odie.commons\Odie.Commons.csproj", "{5741DB2C-DF09-44B5-B67B-7FEB38ACAD9E}"
EndProject
Project("{FAE04EC0-301F-11D3-BF4B-00C04F79EFBC}") = "Odie.Commons.Tests", "odie.commons.tests\Odie.Commons.Tests.csproj", "{1621961A-A992-4B39-AFD9-C36D3A2149E7}"
EndProject
Project("{FAE04EC0-301F-11D3-BF4B-00C04F79EFBC}") = "Odie", "Odie\Odie.csproj", "{03F493FF-9983-493A-B667-2348F4B65184}"
EndProject
Project("{FAE04EC0-301F-11D3-BF4B-00C04F79EFBC}") = "Odie.Tests", "Odie.Tests\Odie.Tests.csproj", "{0EACF4A8-BADC-4343-BB57-4F0BADFD23CC}"
EndProject
Project("{FAE04EC0-301F-11D3-BF4B-00C04F79EFBC}") = "Odie.Reflections", "odie.reflections\Odie.Reflections.csproj", "{625805C6-B454-4BAB-8C85-29E62ED6ABD3}"
EndProject
Project("{FAE04EC0-301F-11D3-BF4B-00C04F79EFBC}") = "Odie.Base", "odie.base\Odie.Base.csproj", "{31B4486D-F2B0-473A-B243-CD73BEABBCAC}"
EndProject
Project("{FAE04EC0-301F-11D3-BF4B-00C04F79EFBC}") = "Odie.Reflections.Tests", "odie.reflections.tests\Odie.Reflections.Tests.csproj", "{C9CAFFA2-37F8-4108-8C0A-9FE568B1D7AF}"
EndProject
Project("{FAE04EC0-301F-11D3-BF4B-00C04F79EFBC}") = "Odie.Base.Tests", "odie.base.tests\Odie.Base.Tests.csproj", "{CD5D02E2-A575-4DF9-A8DC-4AF18B4C2F18}"
EndProject
Global
	GlobalSection(SolutionConfigurationPlatforms) = preSolution
		Debug|Any CPU = Debug|Any CPU
		Debug|x64 = Debug|x64
		Debug|x86 = Debug|x86
		Release|Any CPU = Release|Any CPU
		Release|x64 = Release|x64
		Release|x86 = Release|x86
	EndGlobalSection
	GlobalSection(SolutionProperties) = preSolution
		HideSolutionNode = FALSE
	EndGlobalSection
	GlobalSection(ProjectConfigurationPlatforms) = postSolution
		{5741DB2C-DF09-44B5-B67B-7FEB38ACAD9E}.Debug|Any CPU.ActiveCfg = Debug|Any CPU
		{5741DB2C-DF09-44B5-B67B-7FEB38ACAD9E}.Debug|Any CPU.Build.0 = Debug|Any CPU
		{5741DB2C-DF09-44B5-B67B-7FEB38ACAD9E}.Debug|x64.ActiveCfg = Debug|Any CPU
		{5741DB2C-DF09-44B5-B67B-7FEB38ACAD9E}.Debug|x64.Build.0 = Debug|Any CPU
		{5741DB2C-DF09-44B5-B67B-7FEB38ACAD9E}.Debug|x86.ActiveCfg = Debug|Any CPU
		{5741DB2C-DF09-44B5-B67B-7FEB38ACAD9E}.Debug|x86.Build.0 = Debug|Any CPU
		{5741DB2C-DF09-44B5-B67B-7FEB38ACAD9E}.Release|Any CPU.ActiveCfg = Release|Any CPU
		{5741DB2C-DF09-44B5-B67B-7FEB38ACAD9E}.Release|Any CPU.Build.0 = Release|Any CPU
		{5741DB2C-DF09-44B5-B67B-7FEB38ACAD9E}.Release|x64.ActiveCfg = Release|Any CPU
		{5741DB2C-DF09-44B5-B67B-7FEB38ACAD9E}.Release|x64.Build.0 = Release|Any CPU
		{5741DB2C-DF09-44B5-B67B-7FEB38ACAD9E}.Release|x86.ActiveCfg = Release|Any CPU
		{5741DB2C-DF09-44B5-B67B-7FEB38ACAD9E}.Release|x86.Build.0 = Release|Any CPU
		{1621961A-A992-4B39-AFD9-C36D3A2149E7}.Debug|Any CPU.ActiveCfg = Debug|Any CPU
		{1621961A-A992-4B39-AFD9-C36D3A2149E7}.Debug|Any CPU.Build.0 = Debug|Any CPU
		{1621961A-A992-4B39-AFD9-C36D3A2149E7}.Debug|x64.ActiveCfg = Debug|Any CPU
		{1621961A-A992-4B39-AFD9-C36D3A2149E7}.Debug|x64.Build.0 = Debug|Any CPU
		{1621961A-A992-4B39-AFD9-C36D3A2149E7}.Debug|x86.ActiveCfg = Debug|Any CPU
		{1621961A-A992-4B39-AFD9-C36D3A2149E7}.Debug|x86.Build.0 = Debug|Any CPU
		{1621961A-A992-4B39-AFD9-C36D3A2149E7}.Release|Any CPU.ActiveCfg = Release|Any CPU
		{1621961A-A992-4B39-AFD9-C36D3A2149E7}.Release|Any CPU.Build.0 = Release|Any CPU
		{1621961A-A992-4B39-AFD9-C36D3A2149E7}.Release|x64.ActiveCfg = Release|Any CPU
		{1621961A-A992-4B39-AFD9-C36D3A2149E7}.Release|x64.Build.0 = Release|Any CPU
		{1621961A-A992-4B39-AFD9-C36D3A2149E7}.Release|x86.ActiveCfg = Release|Any CPU
		{1621961A-A992-4B39-AFD9-C36D3A2149E7}.Release|x86.Build.0 = Release|Any CPU
		{03F493FF-9983-493A-B667-2348F4B65184}.Debug|Any CPU.ActiveCfg = Debug|Any CPU
		{03F493FF-9983-493A-B667-2348F4B65184}.Debug|Any CPU.Build.0 = Debug|Any CPU
		{03F493FF-9983-493A-B667-2348F4B65184}.Debug|x64.ActiveCfg = Debug|Any CPU
		{03F493FF-9983-493A-B667-2348F4B65184}.Debug|x64.Build.0 = Debug|Any CPU
		{03F493FF-9983-493A-B667-2348F4B65184}.Debug|x86.ActiveCfg = Debug|Any CPU
		{03F493FF-9983-493A-B667-2348F4B65184}.Debug|x86.Build.0 = Debug|Any CPU
		{03F493FF-9983-493A-B667-2348F4B65184}.Release|Any CPU.ActiveCfg = Release|Any CPU
		{03F493FF-9983-493A-B667-2348F4B65184}.Release|Any CPU.Build.0 = Release|Any CPU
		{03F493FF-9983-493A-B667-2348F4B65184}.Release|x64.ActiveCfg = Release|Any CPU
		{03F493FF-9983-493A-B667-2348F4B65184}.Release|x64.Build.0 = Release|Any CPU
		{03F493FF-9983-493A-B667-2348F4B65184}.Release|x86.ActiveCfg = Release|Any CPU
		{03F493FF-9983-493A-B667-2348F4B65184}.Release|x86.Build.0 = Release|Any CPU
		{0EACF4A8-BADC-4343-BB57-4F0BADFD23CC}.Debug|Any CPU.ActiveCfg = Debug|Any CPU
		{0EACF4A8-BADC-4343-BB57-4F0BADFD23CC}.Debug|Any CPU.Build.0 = Debug|Any CPU
		{0EACF4A8-BADC-4343-BB57-4F0BADFD23CC}.Debug|x64.ActiveCfg = Debug|Any CPU
		{0EACF4A8-BADC-4343-BB57-4F0BADFD23CC}.Debug|x64.Build.0 = Debug|Any CPU
		{0EACF4A8-BADC-4343-BB57-4F0BADFD23CC}.Debug|x86.ActiveCfg = Debug|Any CPU
		{0EACF4A8-BADC-4343-BB57-4F0BADFD23CC}.Debug|x86.Build.0 = Debug|Any CPU
		{0EACF4A8-BADC-4343-BB57-4F0BADFD23CC}.Release|Any CPU.ActiveCfg = Release|Any CPU
		{0EACF4A8-BADC-4343-BB57-4F0BADFD23CC}.Release|Any CPU.Build.0 = Release|Any CPU
		{0EACF4A8-BADC-4343-BB57-4F0BADFD23CC}.Release|x64.ActiveCfg = Release|Any CPU
		{0EACF4A8-BADC-4343-BB57-4F0BADFD23CC}.Release|x64.Build.0 = Release|Any CPU
		{0EACF4A8-BADC-4343-BB57-4F0BADFD23CC}.Release|x86.ActiveCfg = Release|Any CPU
		{0EACF4A8-BADC-4343-BB57-4F0BADFD23CC}.Release|x86.Build.0 = Release|Any CPU
		{625805C6-B454-4BAB-8C85-29E62ED6ABD3}.Debug|Any CPU.ActiveCfg = Debug|Any CPU
		{625805C6-B454-4BAB-8C85-29E62ED6ABD3}.Debug|Any CPU.Build.0 = Debug|Any CPU
		{625805C6-B454-4BAB-8C85-29E62ED6ABD3}.Debug|x64.ActiveCfg = Debug|Any CPU
		{625805C6-B454-4BAB-8C85-29E62ED6ABD3}.Debug|x64.Build.0 = Debug|Any CPU
		{625805C6-B454-4BAB-8C85-29E62ED6ABD3}.Debug|x86.ActiveCfg = Debug|Any CPU
		{625805C6-B454-4BAB-8C85-29E62ED6ABD3}.Debug|x86.Build.0 = Debug|Any CPU
		{625805C6-B454-4BAB-8C85-29E62ED6ABD3}.Release|Any CPU.ActiveCfg = Release|Any CPU
		{625805C6-B454-4BAB-8C85-29E62ED6ABD3}.Release|Any CPU.Build.0 = Release|Any CPU
		{625805C6-B454-4BAB-8C85-29E62ED6ABD3}.Release|x64.ActiveCfg = Release|Any CPU
		{625805C6-B454-4BAB-8C85-29E62ED6ABD3}.Release|x64.Build.0 = Release|Any CPU
		{625805C6-B454-4BAB-8C85-29E62ED6ABD3}.Release|x86.ActiveCfg = Release|Any CPU
		{625805C6-B454-4BAB-8C85-29E62ED6ABD3}.Release|x86.Build.0 = Release|Any CPU
		{31B4486D-F2B0-473A-B243-CD73BEABBCAC}.Debug|Any CPU.ActiveCfg = Debug|Any CPU
		{31B4486D-F2B0-473A-B243-CD73BEABBCAC}.Debug|Any CPU.Build.0 = Debug|Any CPU
		{31B4486D-F2B0-473A-B243-CD73BEABBCAC}.Debug|x64.ActiveCfg = Debug|Any CPU
		{31B4486D-F2B0-473A-B243-CD73BEABBCAC}.Debug|x64.Build.0 = Debug|Any CPU
		{31B4486D-F2B0-473A-B243-CD73BEABBCAC}.Debug|x86.ActiveCfg = Debug|Any CPU
		{31B4486D-F2B0-473A-B243-CD73BEABBCAC}.Debug|x86.Build.0 = Debug|Any CPU
		{31B4486D-F2B0-473A-B243-CD73BEABBCAC}.Release|Any CPU.ActiveCfg = Release|Any CPU
		{31B4486D-F2B0-473A-B243-CD73BEABBCAC}.Release|Any CPU.Build.0 = Release|Any CPU
		{31B4486D-F2B0-473A-B243-CD73BEABBCAC}.Release|x64.ActiveCfg = Release|Any CPU
		{31B4486D-F2B0-473A-B243-CD73BEABBCAC}.Release|x64.Build.0 = Release|Any CPU
		{31B4486D-F2B0-473A-B243-CD73BEABBCAC}.Release|x86.ActiveCfg = Release|Any CPU
		{31B4486D-F2B0-473A-B243-CD73BEABBCAC}.Release|x86.Build.0 = Release|Any CPU
		{C9CAFFA2-37F8-4108-8C0A-9FE568B1D7AF}.Debug|Any CPU.ActiveCfg = Debug|Any CPU
		{C9CAFFA2-37F8-4108-8C0A-9FE568B1D7AF}.Debug|Any CPU.Build.0 = Debug|Any CPU
		{C9CAFFA2-37F8-4108-8C0A-9FE568B1D7AF}.Debug|x64.ActiveCfg = Debug|Any CPU
		{C9CAFFA2-37F8-4108-8C0A-9FE568B1D7AF}.Debug|x64.Build.0 = Debug|Any CPU
		{C9CAFFA2-37F8-4108-8C0A-9FE568B1D7AF}.Debug|x86.ActiveCfg = Debug|Any CPU
		{C9CAFFA2-37F8-4108-8C0A-9FE568B1D7AF}.Debug|x86.Build.0 = Debug|Any CPU
		{C9CAFFA2-37F8-4108-8C0A-9FE568B1D7AF}.Release|Any CPU.ActiveCfg = Release|Any CPU
		{C9CAFFA2-37F8-4108-8C0A-9FE568B1D7AF}.Release|Any CPU.Build.0 = Release|Any CPU
		{C9CAFFA2-37F8-4108-8C0A-9FE568B1D7AF}.Release|x64.ActiveCfg = Release|Any CPU
		{C9CAFFA2-37F8-4108-8C0A-9FE568B1D7AF}.Release|x64.Build.0 = Release|Any CPU
		{C9CAFFA2-37F8-4108-8C0A-9FE568B1D7AF}.Release|x86.ActiveCfg = Release|Any CPU
		{C9CAFFA2-37F8-4108-8C0A-9FE568B1D7AF}.Release|x86.Build.0 = Release|Any CPU
		{CD5D02E2-A575-4DF9-A8DC-4AF18B4C2F18}.Debug|Any CPU.ActiveCfg = Debug|Any CPU
		{CD5D02E2-A575-4DF9-A8DC-4AF18B4C2F18}.Debug|Any CPU.Build.0 = Debug|Any CPU
		{CD5D02E2-A575-4DF9-A8DC-4AF18B4C2F18}.Debug|x64.ActiveCfg = Debug|Any CPU
		{CD5D02E2-A575-4DF9-A8DC-4AF18B4C2F18}.Debug|x64.Build.0 = Debug|Any CPU
		{CD5D02E2-A575-4DF9-A8DC-4AF18B4C2F18}.Debug|x86.ActiveCfg = Debug|Any CPU
		{CD5D02E2-A575-4DF9-A8DC-4AF18B4C2F18}.Debug|x86.Build.0 = Debug|Any CPU
		{CD5D02E2-A575-4DF9-A8DC-4AF18B4C2F18}.Release|Any CPU.ActiveCfg = Release|Any CPU
		{CD5D02E2-A575-4DF9-A8DC-4AF18B4C2F18}.Release|Any CPU.Build.0 = Release|Any CPU
		{CD5D02E2-A575-4DF9-A8DC-4AF18B4C2F18}.Release|x64.ActiveCfg = Release|Any CPU
		{CD5D02E2-A575-4DF9-A8DC-4AF18B4C2F18}.Release|x64.Build.0 = Release|Any CPU
		{CD5D02E2-A575-4DF9-A8DC-4AF18B4C2F18}.Release|x86.ActiveCfg = Release|Any CPU
		{CD5D02E2-A575-4DF9-A8DC-4AF18B4C2F18}.Release|x86.Build.0 = Release|Any CPU
	EndGlobalSection
EndGlobal
